
Microsoft Visual Studio Solution File, Format Version 12.00
# Visual Studio Version 16
VisualStudioVersion = 16.0.31624.102
MinimumVisualStudioVersion = 10.0.40219.1
Project("{FAE04EC0-301F-11D3-BF4B-00C04F79EFBC}") = "QLCB", "QLCB\QLCB.csproj", "{BFD6E243-C287-4D60-8642-3567BD0B208E}"
EndProject
Global
	GlobalSection(SolutionConfigurationPlatforms) = preSolution
		Debug|Any CPU = Debug|Any CPU
		Release|Any CPU = Release|Any CPU
	EndGlobalSection
	GlobalSection(ProjectConfigurationPlatforms) = postSolution
		{BFD6E243-C287-4D60-8642-3567BD0B208E}.Debug|Any CPU.ActiveCfg = Debug|Any CPU
		{BFD6E243-C287-4D60-8642-3567BD0B208E}.Debug|Any CPU.Build.0 = Debug|Any CPU
		{BFD6E243-C287-4D60-8642-3567BD0B208E}.Release|Any CPU.ActiveCfg = Release|Any CPU
		{BFD6E243-C287-4D60-8642-3567BD0B208E}.Release|Any CPU.Build.0 = Release|Any CPU
	EndGlobalSection
	GlobalSection(SolutionProperties) = preSolution
		HideSolutionNode = FALSE
	EndGlobalSection
	GlobalSection(ExtensibilityGlobals) = postSolution
		SolutionGuid = {133F1EEE-C072-45F4-BE73-8D86C76BF703}
	EndGlobalSection
EndGlobal
